PODS:
  - Alamofire (5.5.0)
  - Charts (3.6.0):
    - Charts/Core (= 3.6.0)
  - Charts/Core (3.6.0)
  - IQKeyboardManagerSwift (6.5.9)
  - Realm (10.22.0):
    - Realm/Headers (= 10.22.0)
  - Realm/Headers (10.22.0)
  - RealmSwift (10.22.0):
    - Realm (= 10.22.0)
  - SwiftyJSON (4.3.0)

DEPENDENCIES:
  - Alamofire (~> 5.2)
  - Charts
  - IQKeyboardManagerSwift
  - RealmSwift
  - SwiftyJSON (~> 4.0)

SPEC REPOS:
  trunk:
    - Alamofire
    - Charts
    - IQKeyboardManagerSwift
    - Realm
    - RealmSwift
    - SwiftyJSON

SPEC CHECKSUMS:
  Alamofire: 1c4fb5369c3fe93d2857c780d8bbe09f06f97e7c
  Charts: b1e3a1f5a1c9ba5394438ca3b91bd8c9076310af
  IQKeyboardManagerSwift: 6e839c575c4aa1078d58a596e41244e77abe918f
  Realm: d9e4e5877095a6722145811f56fe89a531c9659d
  RealmSwift: e4191b4b957fcfcbed23751ec65eec98f8173ab5
  SwiftyJSON: 6faa0040f8b59dead0ee07436cbf76b73c08fd08

PODFILE CHECKSUM: 64aa9310b2ef9d514121c0149ed83e9ec5c4e37d

COCOAPODS: 1.11.2
